// !$*UTF8*$!
{
	archiveVersion = 1;
	classes = {
	};
	objectVersion = 56;
	objects = {

/* Begin PBXBuildFile section */
		9D09AE652B6BD974003F9D19 /* AppDelegate.swift in Sources */ = {isa = PBXBuildFile; fileRef = 9D09AE642B6BD974003F9D19 /* AppDelegate.swift */; };
		9D09AE672B6BD974003F9D19 /* SceneDelegate.swift in Sources */ = {isa = PBXBuildFile; fileRef = 9D09AE662B6BD974003F9D19 /* SceneDelegate.swift */; };
		9D09AE6F2B6BD974003F9D19 /* TaskTimerPrjct.xcdatamodeld in Sources */ = {isa = PBXBuildFile; fileRef = 9D09AE6D2B6BD974003F9D19 /* TaskTimerPrjct.xcdatamodeld */; };
		9D09AE712B6BD975003F9D19 /* Assets.xcassets in Resources */ = {isa = PBXBuildFile; fileRef = 9D09AE702B6BD975003F9D19 /* Assets.xcassets */; };
		9D09AE742B6BD976003F9D19 /* LaunchScreen.storyboard in Resources */ = {isa = PBXBuildFile; fileRef = 9D09AE722B6BD976003F9D19 /* LaunchScreen.storyboard */; };
		9D09AE7E2B6BDA95003F9D19 /* Constants.swift in Sources */ = {isa = PBXBuildFile; fileRef = 9D09AE7D2B6BDA95003F9D19 /* Constants.swift */; };
		9D09AE822B6BDAA1003F9D19 /* FoundationExtensions.swift in Sources */ = {isa = PBXBuildFile; fileRef = 9D09AE802B6BDAA1003F9D19 /* FoundationExtensions.swift */; };
		9D09AE832B6BDAA1003F9D19 /* ColorExtensions.swift in Sources */ = {isa = PBXBuildFile; fileRef = 9D09AE812B6BDAA1003F9D19 /* ColorExtensions.swift */; };
		9D09AE882B6BDACA003F9D19 /* Task.swift in Sources */ = {isa = PBXBuildFile; fileRef = 9D09AE872B6BDACA003F9D19 /* Task.swift */; };
		9D09AE952B6BDCFF003F9D19 /* NewTaskViewController.swift in Sources */ = {isa = PBXBuildFile; fileRef = 9D09AE8C2B6BDCFE003F9D19 /* NewTaskViewController.swift */; };
		9D09AE962B6BDCFF003F9D19 /* TaskViewModel.swift in Sources */ = {isa = PBXBuildFile; fileRef = 9D09AE8E2B6BDCFE003F9D19 /* TaskViewModel.swift */; };
		9D09AE972B6BDCFF003F9D19 /* TaskTypeCollectionViewCell.swift in Sources */ = {isa = PBXBuildFile; fileRef = 9D09AE902B6BDCFE003F9D19 /* TaskTypeCollectionViewCell.swift */; };
		9D09AE982B6BDCFF003F9D19 /* TaskTypeCollectionViewCell.xib in Resources */ = {isa = PBXBuildFile; fileRef = 9D09AE912B6BDCFE003F9D19 /* TaskTypeCollectionViewCell.xib */; };
		9D09AE992B6BDCFF003F9D19 /* MainViewController.swift in Sources */ = {isa = PBXBuildFile; fileRef = 9D09AE922B6BDCFF003F9D19 /* MainViewController.swift */; };
		9D09AE9A2B6BDCFF003F9D19 /* Main.storyboard in Resources */ = {isa = PBXBuildFile; fileRef = 9D09AE932B6BDCFF003F9D19 /* Main.storyboard */; };
		9D09AE9C2B6BDD7A003F9D19 /* Box.swift in Sources */ = {isa = PBXBuildFile; fileRef = 9D09AE9B2B6BDD7A003F9D19 /* Box.swift */; };
		9D09AE9E2B712222003F9D19 /* TimerViewController.swift in Sources */ = {isa = PBXBuildFile; fileRef = 9D09AE9D2B712222003F9D19 /* TimerViewController.swift */; };
/* End PBXBuildFile section */

/* Begin PBXFileReference section */
		9D09AE612B6BD974003F9D19 /* TaskTimerPrjct.app */ = {isa = PBXFileReference; explicitFileType = wrapper.application; includeInIndex = 0; path = TaskTimerPrjct.app; sourceTree = BUILT_PRODUCTS_DIR; };
		9D09AE642B6BD974003F9D19 /* AppDelegate.swift */ = {isa = PBXFileReference; lastKnownFileType = sourcecode.swift; path = AppDelegate.swift; sourceTree = "<group>"; };
		9D09AE662B6BD974003F9D19 /* SceneDelegate.swift */ = {isa = PBXFileReference; lastKnownFileType = sourcecode.swift; path = SceneDelegate.swift; sourceTree = "<group>"; };
		9D09AE6E2B6BD974003F9D19 /* TaskTimerPrjct.xcdatamodel */ = {isa = PBXFileReference; lastKnownFileType = wrapper.xcdatamodel; path = TaskTimerPrjct.xcdatamodel; sourceTree = "<group>"; };
		9D09AE702B6BD975003F9D19 /* Assets.xcassets */ = {isa = PBXFileReference; lastKnownFileType = folder.assetcatalog; path = Assets.xcassets; sourceTree = "<group>"; };
		9D09AE732B6BD976003F9D19 /* Base */ = {isa = PBXFileReference; lastKnownFileType = file.storyboard; name = Base; path = Base.lproj/LaunchScreen.storyboard; sourceTree = "<group>"; };
		9D09AE752B6BD976003F9D19 /* Info.plist */ = {isa = PBXFileReference; lastKnownFileType = text.plist.xml; path = Info.plist; sourceTree = "<group>"; };
		9D09AE7D2B6BDA95003F9D19 /* Constants.swift */ = {isa = PBXFileReference; fileEncoding = 4; lastKnownFileType = sourcecode.swift; path = Constants.swift; sourceTree = "<group>"; };
		9D09AE802B6BDAA1003F9D19 /* FoundationExtensions.swift */ = {isa = PBXFileReference; fileEncoding = 4; lastKnownFileType = sourcecode.swift; path = FoundationExtensions.swift; sourceTree = "<group>"; };
		9D09AE812B6BDAA1003F9D19 /* ColorExtensions.swift */ = {isa = PBXFileReference; fileEncoding = 4; lastKnownFileType = sourcecode.swift; path = ColorExtensions.swift; sourceTree = "<group>"; };
		9D09AE872B6BDACA003F9D19 /* Task.swift */ = {isa = PBXFileReference; fileEncoding = 4; lastKnownFileType = sourcecode.swift; path = Task.swift; sourceTree = "<group>"; };
		9D09AE8C2B6BDCFE003F9D19 /* NewTaskViewController.swift */ = {isa = PBXFileReference; fileEncoding = 4; lastKnownFileType = sourcecode.swift; path = NewTaskViewController.swift; sourceTree = "<group>"; };
		9D09AE8E2B6BDCFE003F9D19 /* TaskViewModel.swift */ = {isa = PBXFileReference; fileEncoding = 4; lastKnownFileType = sourcecode.swift; path = TaskViewModel.swift; sourceTree = "<group>"; };
		9D09AE902B6BDCFE003F9D19 /* TaskTypeCollectionViewCell.swift */ = {isa = PBXFileReference; fileEncoding = 4; lastKnownFileType = sourcecode.swift; path = TaskTypeCollectionViewCell.swift; sourceTree = "<group>"; };
		9D09AE912B6BDCFE003F9D19 /* TaskTypeCollectionViewCell.xib */ = {isa = PBXFileReference; fileEncoding = 4; lastKnownFileType = file.xib; path = TaskTypeCollectionViewCell.xib; sourceTree = "<group>"; };
		9D09AE922B6BDCFF003F9D19 /* MainViewController.swift */ = {isa = PBXFileReference; fileEncoding = 4; lastKnownFileType = sourcecode.swift; path = MainViewController.swift; sourceTree = "<group>"; };
		9D09AE942B6BDCFF003F9D19 /* Base */ = {isa = PBXFileReference; lastKnownFileType = file.storyboard; name = Base; path = Base.lproj/Main.storyboard; sourceTree = "<group>"; };
		9D09AE9B2B6BDD7A003F9D19 /* Box.swift */ = {isa = PBXFileReference; fileEncoding = 4; lastKnownFileType = sourcecode.swift; path = Box.swift; sourceTree = "<group>"; };
		9D09AE9D2B712222003F9D19 /* TimerViewController.swift */ = {isa = PBXFileReference; lastKnownFileType = sourcecode.swift; path = TimerViewController.swift; sourceTree = "<group>"; };
/* End PBXFileReference section */

/* Begin PBXFrameworksBuildPhase section */
		9D09AE5E2B6BD974003F9D19 /* Frameworks */ = {
			isa = PBXFrameworksBuildPhase;
			buildActionMask = 2147483647;
			files = (
			);
			runOnlyForDeploymentPostprocessing = 0;
		};
/* End PBXFrameworksBuildPhase section */

/* Begin PBXGroup section */
		9D09AE582B6BD973003F9D19 = {
			isa = PBXGroup;
			children = (
				9D09AE632B6BD974003F9D19 /* TaskTimerPrjct */,
				9D09AE622B6BD974003F9D19 /* Products */,
			);
			sourceTree = "<group>";
		};
		9D09AE622B6BD974003F9D19 /* Products */ = {
			isa = PBXGroup;
			children = (
				9D09AE612B6BD974003F9D19 /* TaskTimerPrjct.app */,
			);
			name = Products;
			sourceTree = "<group>";
		};
		9D09AE632B6BD974003F9D19 /* TaskTimerPrjct */ = {
			isa = PBXGroup;
			children = (
				9D09AE7F2B6BDAA1003F9D19 /* Extensions */,
				9D09AE7C2B6BDA95003F9D19 /* Utils */,
				9D09AE842B6BDAB4003F9D19 /* Code */,
				9D09AE7B2B6BDA26003F9D19 /* Resources */,
			);
			path = TaskTimerPrjct;
			sourceTree = "<group>";
		};
		9D09AE7B2B6BDA26003F9D19 /* Resources */ = {
			isa = PBXGroup;
			children = (
				9D09AE702B6BD975003F9D19 /* Assets.xcassets */,
				9D09AE722B6BD976003F9D19 /* LaunchScreen.storyboard */,
				9D09AE752B6BD976003F9D19 /* Info.plist */,
				9D09AE6D2B6BD974003F9D19 /* TaskTimerPrjct.xcdatamodeld */,
			);
			path = Resources;
			sourceTree = "<group>";
		};
		9D09AE7C2B6BDA95003F9D19 /* Utils */ = {
			isa = PBXGroup;
			children = (
				9D09AE7D2B6BDA95003F9D19 /* Constants.swift */,
			);
			path = Utils;
			sourceTree = "<group>";
		};
		9D09AE7F2B6BDAA1003F9D19 /* Extensions */ = {
			isa = PBXGroup;
			children = (
				9D09AE802B6BDAA1003F9D19 /* FoundationExtensions.swift */,
				9D09AE812B6BDAA1003F9D19 /* ColorExtensions.swift */,
			);
			path = Extensions;
			sourceTree = "<group>";
		};
		9D09AE842B6BDAB4003F9D19 /* Code */ = {
			isa = PBXGroup;
			children = (
				9D09AE852B6BDABF003F9D19 /* Services */,
				9D09AE862B6BDACA003F9D19 /* Models */,
				9D09AE892B6BDCD3003F9D19 /* Controllers */,
				9D09AE8A2B6BDCFE003F9D19 /* Modules */,
			);
			path = Code;
			sourceTree = "<group>";
		};
		9D09AE852B6BDABF003F9D19 /* Services */ = {
			isa = PBXGroup;
			children = (
			);
			path = Services;
			sourceTree = "<group>";
		};
		9D09AE862B6BDACA003F9D19 /* Models */ = {
			isa = PBXGroup;
			children = (
				9D09AE872B6BDACA003F9D19 /* Task.swift */,
			);
			path = Models;
			sourceTree = "<group>";
		};
		9D09AE892B6BDCD3003F9D19 /* Controllers */ = {
			isa = PBXGroup;
			children = (
				9D09AE9B2B6BDD7A003F9D19 /* Box.swift */,
				9D09AE642B6BD974003F9D19 /* AppDelegate.swift */,
				9D09AE662B6BD974003F9D19 /* SceneDelegate.swift */,
			);
			path = Controllers;
			sourceTree = "<group>";
		};
		9D09AE8A2B6BDCFE003F9D19 /* Modules */ = {
			isa = PBXGroup;
			children = (
				9D09AE8B2B6BDCFE003F9D19 /* Main */,
			);
			path = Modules;
			sourceTree = "<group>";
		};
		9D09AE8B2B6BDCFE003F9D19 /* Main */ = {
			isa = PBXGroup;
			children = (
				9D09AE8D2B6BDCFE003F9D19 /* ViewModels */,
				9D09AE8F2B6BDCFE003F9D19 /* Cells */,
				9D09AE922B6BDCFF003F9D19 /* MainViewController.swift */,
				9D09AE8C2B6BDCFE003F9D19 /* NewTaskViewController.swift */,
				9D09AE932B6BDCFF003F9D19 /* Main.storyboard */,
				9D09AE9D2B712222003F9D19 /* TimerViewController.swift */,
			);
			path = Main;
			sourceTree = "<group>";
		};
		9D09AE8D2B6BDCFE003F9D19 /* ViewModels */ = {
			isa = PBXGroup;
			children = (
				9D09AE8E2B6BDCFE003F9D19 /* TaskViewModel.swift */,
			);
			path = ViewModels;
			sourceTree = "<group>";
		};
		9D09AE8F2B6BDCFE003F9D19 /* Cells */ = {
			isa = PBXGroup;
			children = (
				9D09AE902B6BDCFE003F9D19 /* TaskTypeCollectionViewCell.swift */,
				9D09AE912B6BDCFE003F9D19 /* TaskTypeCollectionViewCell.xib */,
			);
			path = Cells;
			sourceTree = "<group>";
		};
/* End PBXGroup section */

/* Begin PBXNativeTarget section */
		9D09AE602B6BD974003F9D19 /* TaskTimerPrjct */ = {
			isa = PBXNativeTarget;
			buildConfigurationList = 9D09AE782B6BD976003F9D19 /* Build configuration list for PBXNativeTarget "TaskTimerPrjct" */;
			buildPhases = (
				9D09AE5D2B6BD974003F9D19 /* Sources */,
				9D09AE5E2B6BD974003F9D19 /* Frameworks */,
				9D09AE5F2B6BD974003F9D19 /* Resources */,
			);
			buildRules = (
			);
			dependencies = (
			);
			name = TaskTimerPrjct;
			productName = TaskTimerPrjct;
			productReference = 9D09AE612B6BD974003F9D19 /* TaskTimerPrjct.app */;
			productType = "com.apple.product-type.application";
		};
/* End PBXNativeTarget section */

/* Begin PBXProject section */
		9D09AE592B6BD973003F9D19 /* Project object */ = {
			isa = PBXProject;
			attributes = {
				BuildIndependentTargetsInParallel = 1;
				LastSwiftUpdateCheck = 1520;
				LastUpgradeCheck = 1520;
				TargetAttributes = {
					9D09AE602B6BD974003F9D19 = {
						CreatedOnToolsVersion = 15.2;
					};
				};
			};
			buildConfigurationList = 9D09AE5C2B6BD973003F9D19 /* Build configuration list for PBXProject "TaskTimerPrjct" */;
			compatibilityVersion = "Xcode 14.0";
			developmentRegion = en;
			hasScannedForEncodings = 0;
			knownRegions = (
				en,
				Base,
			);
			mainGroup = 9D09AE582B6BD973003F9D19;
			productRefGroup = 9D09AE622B6BD974003F9D19 /* Products */;
			projectDirPath = "";
			projectRoot = "";
			targets = (
				9D09AE602B6BD974003F9D19 /* TaskTimerPrjct */,
			);
		};
/* End PBXProject section */

/* Begin PBXResourcesBuildPhase section */
		9D09AE5F2B6BD974003F9D19 /* Resources */ = {
			isa = PBXResourcesBuildPhase;
			buildActionMask = 2147483647;
			files = (
				9D09AE742B6BD976003F9D19 /* LaunchScreen.storyboard in Resources */,
				9D09AE9A2B6BDCFF003F9D19 /* Main.storyboard in Resources */,
				9D09AE712B6BD975003F9D19 /* Assets.xcassets in Resources */,
				9D09AE982B6BDCFF003F9D19 /* TaskTypeCollectionViewCell.xib in Resources */,
			);
			runOnlyForDeploymentPostprocessing = 0;
		};
/* End PBXResourcesBuildPhase section */

/* Begin PBXSourcesBuildPhase section */
		9D09AE5D2B6BD974003F9D19 /* Sources */ = {
			isa = PBXSourcesBuildPhase;
			buildActionMask = 2147483647;
			files = (
				9D09AE882B6BDACA003F9D19 /* Task.swift in Sources */,
				9D09AE7E2B6BDA95003F9D19 /* Constants.swift in Sources */,
				9D09AE992B6BDCFF003F9D19 /* MainViewController.swift in Sources */,
				9D09AE962B6BDCFF003F9D19 /* TaskViewModel.swift in Sources */,
				9D09AE822B6BDAA1003F9D19 /* FoundationExtensions.swift in Sources */,
				9D09AE972B6BDCFF003F9D19 /* TaskTypeCollectionViewCell.swift in Sources */,
				9D09AE952B6BDCFF003F9D19 /* NewTaskViewController.swift in Sources */,
				9D09AE652B6BD974003F9D19 /* AppDelegate.swift in Sources */,
				9D09AE6F2B6BD974003F9D19 /* TaskTimerPrjct.xcdatamodeld in Sources */,
				9D09AE9C2B6BDD7A003F9D19 /* Box.swift in Sources */,
				9D09AE9E2B712222003F9D19 /* TimerViewController.swift in Sources */,
				9D09AE672B6BD974003F9D19 /* SceneDelegate.swift in Sources */,
				9D09AE832B6BDAA1003F9D19 /* ColorExtensions.swift in Sources */,
			);
			runOnlyForDeploymentPostprocessing = 0;
		};
/* End PBXSourcesBuildPhase section */

/* Begin PBXVariantGroup section */
		9D09AE722B6BD976003F9D19 /* LaunchScreen.storyboard */ = {
			isa = PBXVariantGroup;
			children = (
				9D09AE732B6BD976003F9D19 /* Base */,
			);
			name = LaunchScreen.storyboard;
			sourceTree = "<group>";
		};
		9D09AE932B6BDCFF003F9D19 /* Main.storyboard */ = {
			isa = PBXVariantGroup;
			children = (
				9D09AE942B6BDCFF003F9D19 /* Base */,
			);
			name = Main.storyboard;
			sourceTree = "<group>";
		};
/* End PBXVariantGroup section */

/* Begin XCBuildConfiguration section */
		9D09AE762B6BD976003F9D19 /* Debug */ = {
			isa = XCBuildConfiguration;
			buildSettings = {
				ALWAYS_SEARCH_USER_PATHS = NO;
				ASSETCATALOG_COMPILER_GENERATE_SWIFT_ASSET_SYMBOL_EXTENSIONS = YES;
				CLANG_ANALYZER_NONNULL = YES;
				CLANG_ANALYZER_NUMBER_OBJECT_CONVERSION = YES_AGGRESSIVE;
				CLANG_CXX_LANGUAGE_STANDARD = "gnu++20";
				CLANG_ENABLE_MODULES = YES;
				CLANG_ENABLE_OBJC_ARC = YES;
				CLANG_ENABLE_OBJC_WEAK = YES;
				CLANG_WARN_BLOCK_CAPTURE_AUTORELEASING = YES;
				CLANG_WARN_BOOL_CONVERSION = YES;
				CLANG_WARN_COMMA = YES;
				CLANG_WARN_CONSTANT_CONVERSION = YES;
				CLANG_WARN_DEPRECATED_OBJC_IMPLEMENTATIONS = YES;
				CLANG_WARN_DIRECT_OBJC_ISA_USAGE = YES_ERROR;
				CLANG_WARN_DOCUMENTATION_COMMENTS = YES;
				CLANG_WARN_EMPTY_BODY = YES;
				CLANG_WARN_ENUM_CONVERSION = YES;
				CLANG_WARN_INFINITE_RECURSION = YES;
				CLANG_WARN_INT_CONVERSION = YES;
				CLANG_WARN_NON_LITERAL_NULL_CONVERSION = YES;
				CLANG_WARN_OBJC_IMPLICIT_RETAIN_SELF = YES;
				CLANG_WARN_OBJC_LITERAL_CONVERSION = YES;
				CLANG_WARN_OBJC_ROOT_CLASS = YES_ERROR;
				CLANG_WARN_QUOTED_INCLUDE_IN_FRAMEWORK_HEADER = YES;
				CLANG_WARN_RANGE_LOOP_ANALYSIS = YES;
				CLANG_WARN_STRICT_PROTOTYPES = YES;
				CLANG_WARN_SUSPICIOUS_MOVE = YES;
				CLANG_WARN_UNGUARDED_AVAILABILITY = YES_AGGRESSIVE;
				CLANG_WARN_UNREACHABLE_CODE = YES;
				CLANG_WARN__DUPLICATE_METHOD_MATCH = YES;
				COPY_PHASE_STRIP = NO;
				DEBUG_INFORMATION_FORMAT = dwarf;
				ENABLE_STRICT_OBJC_MSGSEND = YES;
				ENABLE_TESTABILITY = YES;
				ENABLE_USER_SCRIPT_SANDBOXING = YES;
				GCC_C_LANGUAGE_STANDARD = gnu17;
				GCC_DYNAMIC_NO_PIC = NO;
				GCC_NO_COMMON_BLOCKS = YES;
				GCC_OPTIMIZATION_LEVEL = 0;
				GCC_PREPROCESSOR_DEFINITIONS = (
					"DEBUG=1",
					"$(inherited)",
				);
				GCC_WARN_64_TO_32_BIT_CONVERSION = YES;
				GCC_WARN_ABOUT_RETURN_TYPE = YES_ERROR;
				GCC_WARN_UNDECLARED_SELECTOR = YES;
				GCC_WARN_UNINITIALIZED_AUTOS = YES_AGGRESSIVE;
				GCC_WARN_UNUSED_FUNCTION = YES;
				GCC_WARN_UNUSED_VARIABLE = YES;
				IPHONEOS_DEPLOYMENT_TARGET = 17.2;
				LOCALIZATION_PREFERS_STRING_CATALOGS = YES;
				MTL_ENABLE_DEBUG_INFO = INCLUDE_SOURCE;
				MTL_FAST_MATH = YES;
				ONLY_ACTIVE_ARCH = YES;
				SDKROOT = iphoneos;
				SWIFT_ACTIVE_COMPILATION_CONDITIONS = "DEBUG $(inherited)";
				SWIFT_OPTIMIZATION_LEVEL = "-Onone";
			};
			name = Debug;
		};
		9D09AE772B6BD976003F9D19 /* Release */ = {
			isa = XCBuildConfiguration;
			buildSettings = {
				ALWAYS_SEARCH_USER_PATHS = NO;
				ASSETCATALOG_COMPILER_GENERATE_SWIFT_ASSET_SYMBOL_EXTENSIONS = YES;
				CLANG_ANALYZER_NONNULL = YES;
				CLANG_ANALYZER_NUMBER_OBJECT_CONVERSION = YES_AGGRESSIVE;
				CLANG_CXX_LANGUAGE_STANDARD = "gnu++20";
				CLANG_ENABLE_MODULES = YES;
				CLANG_ENABLE_OBJC_ARC = YES;
				CLANG_ENABLE_OBJC_WEAK = YES;
				CLANG_WARN_BLOCK_CAPTURE_AUTORELEASING = YES;
				CLANG_WARN_BOOL_CONVERSION = YES;
				CLANG_WARN_COMMA = YES;
				CLANG_WARN_CONSTANT_CONVERSION = YES;
				CLANG_WARN_DEPRECATED_OBJC_IMPLEMENTATIONS = YES;
				CLANG_WARN_DIRECT_OBJC_ISA_USAGE = YES_ERROR;
				CLANG_WARN_DOCUMENTATION_COMMENTS = YES;
				CLANG_WARN_EMPTY_BODY = YES;
				CLANG_WARN_ENUM_CONVERSION = YES;
				CLANG_WARN_INFINITE_RECURSION = YES;
				CLANG_WARN_INT_CONVERSION = YES;
				CLANG_WARN_NON_LITERAL_NULL_CONVERSION = YES;
				CLANG_WARN_OBJC_IMPLICIT_RETAIN_SELF = YES;
				CLANG_WARN_OBJC_LITERAL_CONVERSION = YES;
				CLANG_WARN_OBJC_ROOT_CLASS = YES_ERROR;
				CLANG_WARN_QUOTED_INCLUDE_IN_FRAMEWORK_HEADER = YES;
				CLANG_WARN_RANGE_LOOP_ANALYSIS = YES;
				CLANG_WARN_STRICT_PROTOTYPES = YES;
				CLANG_WARN_SUSPICIOUS_MOVE = YES;
				CLANG_WARN_UNGUARDED_AVAILABILITY = YES_AGGRESSIVE;
				CLANG_WARN_UNREACHABLE_CODE = YES;
				CLANG_WARN__DUPLICATE_METHOD_MATCH = YES;
				COPY_PHASE_STRIP = NO;
				DEBUG_INFORMATION_FORMAT = "dwarf-with-dsym";
				ENABLE_NS_ASSERTIONS = NO;
				ENABLE_STRICT_OBJC_MSGSEND = YES;
				ENABLE_USER_SCRIPT_SANDBOXING = YES;
				GCC_C_LANGUAGE_STANDARD = gnu17;
				GCC_NO_COMMON_BLOCKS = YES;
				GCC_WARN_64_TO_32_BIT_CONVERSION = YES;
				GCC_WARN_ABOUT_RETURN_TYPE = YES_ERROR;
				GCC_WARN_UNDECLARED_SELECTOR = YES;
				GCC_WARN_UNINITIALIZED_AUTOS = YES_AGGRESSIVE;
				GCC_WARN_UNUSED_FUNCTION = YES;
				GCC_WARN_UNUSED_VARIABLE = YES;
				IPHONEOS_DEPLOYMENT_TARGET = 17.2;
				LOCALIZATION_PREFERS_STRING_CATALOGS = YES;
				MTL_ENABLE_DEBUG_INFO = NO;
				MTL_FAST_MATH = YES;
				SDKROOT = iphoneos;
				SWIFT_COMPILATION_MODE = wholemodule;
				VALIDATE_PRODUCT = YES;
			};
			name = Release;
		};
		9D09AE792B6BD976003F9D19 /* Debug */ = {
			isa = XCBuildConfiguration;
			buildSettings = {
				ASSETCATALOG_COMPILER_APPICON_NAME = AppIcon;
				ASSETCATALOG_COMPILER_GLOBAL_ACCENT_COLOR_NAME = AccentColor;
				CODE_SIGN_STYLE = Automatic;
				CURRENT_PROJECT_VERSION = 1;
				DEVELOPMENT_TEAM = 9UYY2T3CK5;
				GENERATE_INFOPLIST_FILE = YES;
				INFOPLIST_FILE = TaskTimerPrjct/Resources/Info.plist;
				INFOPLIST_KEY_UIApplicationSupportsIndirectInputEvents = YES;
				INFOPLIST_KEY_UILaunchStoryboardName = LaunchScreen;
				INFOPLIST_KEY_UIMainStoryboardFile = Main;
				INFOPLIST_KEY_UISupportedInterfaceOrientations_iPad = "UIInterfaceOrientationPortrait UIInterfaceOrientationPortraitUpsideDown UIInterfaceOrientationLandscapeLeft UIInterfaceOrientationLandscapeRight";
				INFOPLIST_KEY_UISupportedInterfaceOrientations_iPhone = "UIInterfaceOrientationPortrait UIInterfaceOrientationLandscapeLeft UIInterfaceOrientationLandscapeRight";
				LD_RUNPATH_SEARCH_PATHS = (
					"$(inherited)",
					"@executable_path/Frameworks",
				);
				MARKETING_VERSION = 1.0;
				PRODUCT_BUNDLE_IDENTIFIER = pops.TaskTimerPrjct;
				PRODUCT_NAME = "$(TARGET_NAME)";
				SWIFT_EMIT_LOC_STRINGS = YES;
				SWIFT_VERSION = 5.0;
				TARGETED_DEVICE_FAMILY = "1,2";
			};
			name = Debug;
		};
		9D09AE7A2B6BD976003F9D19 /* Release */ = {
			isa = XCBuildConfiguration;
			buildSettings = {
				ASSETCATALOG_COMPILER_APPICON_NAME = AppIcon;
				ASSETCATALOG_COMPILER_GLOBAL_ACCENT_COLOR_NAME = AccentColor;
				CODE_SIGN_STYLE = Automatic;
				CURRENT_PROJECT_VERSION = 1;
				DEVELOPMENT_TEAM = 9UYY2T3CK5;
				GENERATE_INFOPLIST_FILE = YES;
				INFOPLIST_FILE = TaskTimerPrjct/Resources/Info.plist;
				INFOPLIST_KEY_UIApplicationSupportsIndirectInputEvents = YES;
				INFOPLIST_KEY_UILaunchStoryboardName = LaunchScreen;
				INFOPLIST_KEY_UIMainStoryboardFile = Main;
				INFOPLIST_KEY_UISupportedInterfaceOrientations_iPad = "UIInterfaceOrientationPortrait UIInterfaceOrientationPortraitUpsideDown UIInterfaceOrientationLandscapeLeft UIInterfaceOrientationLandscapeRight";
				INFOPLIST_KEY_UISupportedInterfaceOrientations_iPhone = "UIInterfaceOrientationPortrait UIInterfaceOrientationLandscapeLeft UIInterfaceOrientationLandscapeRight";
				LD_RUNPATH_SEARCH_PATHS = (
					"$(inherited)",
					"@executable_path/Frameworks",
				);
				MARKETING_VERSION = 1.0;
				PRODUCT_BUNDLE_IDENTIFIER = pops.TaskTimerPrjct;
				PRODUCT_NAME = "$(TARGET_NAME)";
				SWIFT_EMIT_LOC_STRINGS = YES;
				SWIFT_VERSION = 5.0;
				TARGETED_DEVICE_FAMILY = "1,2";
			};
			name = Release;
		};
/* End XCBuildConfiguration section */

/* Begin XCConfigurationList section */
		9D09AE5C2B6BD973003F9D19 /* Build configuration list for PBXProject "TaskTimerPrjct" */ = {
			isa = XCConfigurationList;
			buildConfigurations = (
				9D09AE762B6BD976003F9D19 /* Debug */,
				9D09AE772B6BD976003F9D19 /* Release */,
			);
			defaultConfigurationIsVisible = 0;
			defaultConfigurationName = Release;
		};
		9D09AE782B6BD976003F9D19 /* Build configuration list for PBXNativeTarget "TaskTimerPrjct" */ = {
			isa = XCConfigurationList;
			buildConfigurations = (
				9D09AE792B6BD976003F9D19 /* Debug */,
				9D09AE7A2B6BD976003F9D19 /* Release */,
			);
			defaultConfigurationIsVisible = 0;
			defaultConfigurationName = Release;
		};
/* End XCConfigurationList section */

/* Begin XCVersionGroup section */
		9D09AE6D2B6BD974003F9D19 /* TaskTimerPrjct.xcdatamodeld */ = {
			isa = XCVersionGroup;
			children = (
				9D09AE6E2B6BD974003F9D19 /* TaskTimerPrjct.xcdatamodel */,
			);
			currentVersion = 9D09AE6E2B6BD974003F9D19 /* TaskTimerPrjct.xcdatamodel */;
			path = TaskTimerPrjct.xcdatamodeld;
			sourceTree = "<group>";
			versionGroupType = wrapper.xcdatamodel;
		};
/* End XCVersionGroup section */
	};
	rootObject = 9D09AE592B6BD973003F9D19 /* Project object */;
}
